
Microsoft Visual Studio Solution File, Format Version 12.00
# Visual Studio 14
VisualStudioVersion = 14.0.24720.0
MinimumVisualStudioVersion = 10.0.40219.1
Project("{F184B08F-C81C-45F6-A57F-5ABD9991F28F}") = "WebApp", "WebApp\WebApp.vbproj", "{63BD0B34-5436-4044-8D12-A7875494476E}"
EndProject
Project("{E24C65DC-7377-472B-9ABA-BC803B73C61A}") = "test", "ftp://solkir.ftp.ukraine.com.ua/solkir.com.ua/test", "{63C9E640-EF97-4D0A-A801-7963A2A49939}"
	ProjectSection(WebsiteProperties) = preProject
		TargetFrameworkMoniker = ".NETFramework,Version%3Dv4.0"
		Debug.AspNetCompiler.VirtualPath = "/test"
		Debug.AspNetCompiler.PhysicalPath = "C:\Temp\VWDWebCache\ftp_solkir.ftp.ukraine.com.ua_solkir.com.ua_test_solkir_ftp\"
		Debug.AspNetCompiler.TargetPath = "PrecompiledWeb\test\"
		Debug.AspNetCompiler.Updateable = "true"
		Debug.AspNetCompiler.ForceOverwrite = "true"
		Debug.AspNetCompiler.FixedNames = "false"
		Debug.AspNetCompiler.Debug = "True"
		Release.AspNetCompiler.VirtualPath = "/test"
		Release.AspNetCompiler.PhysicalPath = "C:\Temp\VWDWebCache\ftp_solkir.ftp.ukraine.com.ua_solkir.com.ua_test_solkir_ftp\"
		Release.AspNetCompiler.TargetPath = "PrecompiledWeb\test\"
		Release.AspNetCompiler.Updateable = "true"
		Release.AspNetCompiler.ForceOverwrite = "true"
		Release.AspNetCompiler.FixedNames = "false"
		Release.AspNetCompiler.Debug = "False"
	EndProjectSection
EndProject
Global
	GlobalSection(SolutionConfigurationPlatforms) = preSolution
		Debug|Any CPU = Debug|Any CPU
		Release|Any CPU = Release|Any CPU
	EndGlobalSection
	GlobalSection(ProjectConfigurationPlatforms) = postSolution
		{63BD0B34-5436-4044-8D12-A7875494476E}.Debug|Any CPU.ActiveCfg = Debug|Any CPU
		{63BD0B34-5436-4044-8D12-A7875494476E}.Debug|Any CPU.Build.0 = Debug|Any CPU
		{63BD0B34-5436-4044-8D12-A7875494476E}.Release|Any CPU.ActiveCfg = Release|Any CPU
		{63BD0B34-5436-4044-8D12-A7875494476E}.Release|Any CPU.Build.0 = Release|Any CPU
		{63C9E640-EF97-4D0A-A801-7963A2A49939}.Debug|Any CPU.ActiveCfg = Debug|Any CPU
		{63C9E640-EF97-4D0A-A801-7963A2A49939}.Debug|Any CPU.Build.0 = Debug|Any CPU
		{63C9E640-EF97-4D0A-A801-7963A2A49939}.Release|Any CPU.ActiveCfg = Debug|Any CPU
		{63C9E640-EF97-4D0A-A801-7963A2A49939}.Release|Any CPU.Build.0 = Debug|Any CPU
	EndGlobalSection
	GlobalSection(SolutionProperties) = preSolution
		HideSolutionNode = FALSE
	EndGlobalSection
EndGlobal
